
Microsoft Visual Studio Solution File, Format Version 12.00
# Visual Studio Version 17
VisualStudioVersion = 17.8.34322.80
MinimumVisualStudioVersion = 10.0.40219.1
Project("{FAE04EC0-301F-11D3-BF4B-00C04F79EFBC}") = "FizzBuzzMVC", "FizzBuzz\FizzBuzzMVC.csproj", "{DA5073E1-3F09-4146-934C-32C8575B430B}"
EndProject
Global
	GlobalSection(SolutionConfigurationPlatforms) = preSolution
		Debug|Any CPU = Debug|Any CPU
		Release|Any CPU = Release|Any CPU
	EndGlobalSection
	GlobalSection(ProjectConfigurationPlatforms) = postSolution
		{DA5073E1-3F09-4146-934C-32C8575B430B}.Debug|Any CPU.ActiveCfg = Debug|Any CPU
		{DA5073E1-3F09-4146-934C-32C8575B430B}.Debug|Any CPU.Build.0 = Debug|Any CPU
		{DA5073E1-3F09-4146-934C-32C8575B430B}.Release|Any CPU.ActiveCfg = Release|Any CPU
		{DA5073E1-3F09-4146-934C-32C8575B430B}.Release|Any CPU.Build.0 = Release|Any CPU
	EndGlobalSection
	GlobalSection(SolutionProperties) = preSolution
		HideSolutionNode = FALSE
	EndGlobalSection
	GlobalSection(ExtensibilityGlobals) = postSolution
		SolutionGuid = {B3AF5649-A8A4-4DE5-9C08-B27A7ACBEF5C}
	EndGlobalSection
EndGlobal
